
Microsoft Visual Studio Solution File, Format Version 12.00
# Visual Studio Version 16
VisualStudioVersion = 16.0.31112.23
MinimumVisualStudioVersion = 10.0.40219.1
Project("{FAE04EC0-301F-11D3-BF4B-00C04F79EFBC}") = "KomodoKlaims", "Komodo01\KomodoKlaims.csproj", "{CFD4F64D-1BE4-4424-9EE3-6F48974C8C3A}"
EndProject
Project("{FAE04EC0-301F-11D3-BF4B-00C04F79EFBC}") = "UnitTestKlaims", "UnitTest1\UnitTestKlaims.csproj", "{95805929-5558-4A7D-91C8-7D0469F63575}"
EndProject
Project("{FAE04EC0-301F-11D3-BF4B-00C04F79EFBC}") = "KomodoKafeKonsoleApp", "..\KomodoKafe\KomodoKafe\KomodoKafeKonsoleApp.csproj", "{1A553BC7-6AD4-4560-8AA6-14936A59B539}"
EndProject
Project("{FAE04EC0-301F-11D3-BF4B-00C04F79EFBC}") = "KomodoKafeRepository", "..\KomodoKafe\Repository_App\KomodoKafeRepository.csproj", "{C2B2E60C-9B15-498A-9AAF-84220851DD52}"
EndProject
Project("{FAE04EC0-301F-11D3-BF4B-00C04F79EFBC}") = "UnitTestKafe", "..\KomodoKafe\UnitTestProject_App\UnitTestKafe.csproj", "{B1884B22-FBC9-47FF-8633-79E09BB11E3D}"
EndProject
Project("{FAE04EC0-301F-11D3-BF4B-00C04F79EFBC}") = "KomodoBBQ", "KomodoBBQ\KomodoBBQ.csproj", "{C7263427-D1A9-4C80-B074-CEAB27416EFE}"
EndProject
Project("{FAE04EC0-301F-11D3-BF4B-00C04F79EFBC}") = "UnitTestBBQ", "UnitTestBBQ\UnitTestBBQ.csproj", "{A6DF0E98-8E1B-461A-B423-2B936213FA76}"
EndProject
Global
	GlobalSection(SolutionConfigurationPlatforms) = preSolution
		Debug|Any CPU = Debug|Any CPU
		Release|Any CPU = Release|Any CPU
	EndGlobalSection
	GlobalSection(ProjectConfigurationPlatforms) = postSolution
		{CFD4F64D-1BE4-4424-9EE3-6F48974C8C3A}.Debug|Any CPU.ActiveCfg = Debug|Any CPU
		{CFD4F64D-1BE4-4424-9EE3-6F48974C8C3A}.Debug|Any CPU.Build.0 = Debug|Any CPU
		{CFD4F64D-1BE4-4424-9EE3-6F48974C8C3A}.Release|Any CPU.ActiveCfg = Release|Any CPU
		{CFD4F64D-1BE4-4424-9EE3-6F48974C8C3A}.Release|Any CPU.Build.0 = Release|Any CPU
		{95805929-5558-4A7D-91C8-7D0469F63575}.Debug|Any CPU.ActiveCfg = Debug|Any CPU
		{95805929-5558-4A7D-91C8-7D0469F63575}.Debug|Any CPU.Build.0 = Debug|Any CPU
		{95805929-5558-4A7D-91C8-7D0469F63575}.Release|Any CPU.ActiveCfg = Release|Any CPU
		{95805929-5558-4A7D-91C8-7D0469F63575}.Release|Any CPU.Build.0 = Release|Any CPU
		{1A553BC7-6AD4-4560-8AA6-14936A59B539}.Debug|Any CPU.ActiveCfg = Debug|Any CPU
		{1A553BC7-6AD4-4560-8AA6-14936A59B539}.Debug|Any CPU.Build.0 = Debug|Any CPU
		{1A553BC7-6AD4-4560-8AA6-14936A59B539}.Release|Any CPU.ActiveCfg = Release|Any CPU
		{1A553BC7-6AD4-4560-8AA6-14936A59B539}.Release|Any CPU.Build.0 = Release|Any CPU
		{C2B2E60C-9B15-498A-9AAF-84220851DD52}.Debug|Any CPU.ActiveCfg = Debug|Any CPU
		{C2B2E60C-9B15-498A-9AAF-84220851DD52}.Debug|Any CPU.Build.0 = Debug|Any CPU
		{C2B2E60C-9B15-498A-9AAF-84220851DD52}.Release|Any CPU.ActiveCfg = Release|Any CPU
		{C2B2E60C-9B15-498A-9AAF-84220851DD52}.Release|Any CPU.Build.0 = Release|Any CPU
		{B1884B22-FBC9-47FF-8633-79E09BB11E3D}.Debug|Any CPU.ActiveCfg = Debug|Any CPU
		{B1884B22-FBC9-47FF-8633-79E09BB11E3D}.Debug|Any CPU.Build.0 = Debug|Any CPU
		{B1884B22-FBC9-47FF-8633-79E09BB11E3D}.Release|Any CPU.ActiveCfg = Release|Any CPU
		{B1884B22-FBC9-47FF-8633-79E09BB11E3D}.Release|Any CPU.Build.0 = Release|Any CPU
		{C7263427-D1A9-4C80-B074-CEAB27416EFE}.Debug|Any CPU.ActiveCfg = Debug|Any CPU
		{C7263427-D1A9-4C80-B074-CEAB27416EFE}.Debug|Any CPU.Build.0 = Debug|Any CPU
		{C7263427-D1A9-4C80-B074-CEAB27416EFE}.Release|Any CPU.ActiveCfg = Release|Any CPU
		{C7263427-D1A9-4C80-B074-CEAB27416EFE}.Release|Any CPU.Build.0 = Release|Any CPU
		{A6DF0E98-8E1B-461A-B423-2B936213FA76}.Debug|Any CPU.ActiveCfg = Debug|Any CPU
		{A6DF0E98-8E1B-461A-B423-2B936213FA76}.Debug|Any CPU.Build.0 = Debug|Any CPU
		{A6DF0E98-8E1B-461A-B423-2B936213FA76}.Release|Any CPU.ActiveCfg = Release|Any CPU
		{A6DF0E98-8E1B-461A-B423-2B936213FA76}.Release|Any CPU.Build.0 = Release|Any CPU
	EndGlobalSection
	GlobalSection(SolutionProperties) = preSolution
		HideSolutionNode = FALSE
	EndGlobalSection
	GlobalSection(ExtensibilityGlobals) = postSolution
		SolutionGuid = {A49CEC84-A6BE-4A77-B317-384DE54B5692}
	EndGlobalSection
EndGlobal
